
Microsoft Visual Studio Solution File, Format Version 12.00
# Visual Studio Version 17
VisualStudioVersion = 17.0.32126.317
MinimumVisualStudioVersion = 10.0.40219.1
Project("{9A19103F-16F7-4668-BE54-9A1E7A4F7556}") = "SoundAnalysis1", "SoundAnalysis1\SoundAnalysis1.csproj", "{92BD4628-4E67-4A1A-B515-A57CF76ED2D4}"
EndProject
Global
	GlobalSection(SolutionConfigurationPlatforms) = preSolution
		Debug|Any CPU = Debug|Any CPU
		Debug|x64 = Debug|x64
		Release|Any CPU = Release|Any CPU
		Release|x64 = Release|x64
	EndGlobalSection
	GlobalSection(ProjectConfigurationPlatforms) = postSolution
		{92BD4628-4E67-4A1A-B515-A57CF76ED2D4}.Debug|Any CPU.ActiveCfg = Debug|Any CPU
		{92BD4628-4E67-4A1A-B515-A57CF76ED2D4}.Debug|Any CPU.Build.0 = Debug|Any CPU
		{92BD4628-4E67-4A1A-B515-A57CF76ED2D4}.Debug|x64.ActiveCfg = Debug|Any CPU
		{92BD4628-4E67-4A1A-B515-A57CF76ED2D4}.Debug|x64.Build.0 = Debug|Any CPU
		{92BD4628-4E67-4A1A-B515-A57CF76ED2D4}.Release|Any CPU.ActiveCfg = Release|Any CPU
		{92BD4628-4E67-4A1A-B515-A57CF76ED2D4}.Release|Any CPU.Build.0 = Release|Any CPU
		{92BD4628-4E67-4A1A-B515-A57CF76ED2D4}.Release|x64.ActiveCfg = Release|Any CPU
		{92BD4628-4E67-4A1A-B515-A57CF76ED2D4}.Release|x64.Build.0 = Release|Any CPU
	EndGlobalSection
	GlobalSection(SolutionProperties) = preSolution
		HideSolutionNode = FALSE
	EndGlobalSection
	GlobalSection(ExtensibilityGlobals) = postSolution
		SolutionGuid = {B338B515-36E6-44D0-965D-4EB6BC5465ED}
	EndGlobalSection
EndGlobal
